
Microsoft Visual Studio Solution File, Format Version 12.00
# Visual Studio Version 17
VisualStudioVersion = 17.8.34322.80
MinimumVisualStudioVersion = 10.0.40219.1
Project("{FAE04EC0-301F-11D3-BF4B-00C04F79EFBC}") = "2017", "2017\2017.csproj", "{27A3AAC9-EAC7-4082-84AD-E301C5922CDB}"
EndProject
Project("{9A19103F-16F7-4668-BE54-9A1E7A4F7556}") = "2019", "2019\2019.csproj", "{99019941-DB5A-413C-BD0C-5F5A2DC3BDE1}"
EndProject
Project("{9A19103F-16F7-4668-BE54-9A1E7A4F7556}") = "2018", "2018\2018.csproj", "{C1B32DC2-E5A7-4239-AB95-D9F44A58CC6C}"
EndProject
Project("{9A19103F-16F7-4668-BE54-9A1E7A4F7556}") = "2021", "2021\2021.csproj", "{00572DAC-DA0C-465E-A349-7CCCF6CCDEDF}"
EndProject
Project("{FAE04EC0-301F-11D3-BF4B-00C04F79EFBC}") = "2023", "2023\2023.csproj", "{906B1018-B0F3-498A-874D-5387AFEDD48A}"
EndProject
Global
	GlobalSection(SolutionConfigurationPlatforms) = preSolution
		Debug|Any CPU = Debug|Any CPU
		Release|Any CPU = Release|Any CPU
	EndGlobalSection
	GlobalSection(ProjectConfigurationPlatforms) = postSolution
		{27A3AAC9-EAC7-4082-84AD-E301C5922CDB}.Debug|Any CPU.ActiveCfg = Debug|Any CPU
		{27A3AAC9-EAC7-4082-84AD-E301C5922CDB}.Debug|Any CPU.Build.0 = Debug|Any CPU
		{27A3AAC9-EAC7-4082-84AD-E301C5922CDB}.Release|Any CPU.ActiveCfg = Release|Any CPU
		{27A3AAC9-EAC7-4082-84AD-E301C5922CDB}.Release|Any CPU.Build.0 = Release|Any CPU
		{99019941-DB5A-413C-BD0C-5F5A2DC3BDE1}.Debug|Any CPU.ActiveCfg = Debug|Any CPU
		{99019941-DB5A-413C-BD0C-5F5A2DC3BDE1}.Debug|Any CPU.Build.0 = Debug|Any CPU
		{99019941-DB5A-413C-BD0C-5F5A2DC3BDE1}.Release|Any CPU.ActiveCfg = Release|Any CPU
		{99019941-DB5A-413C-BD0C-5F5A2DC3BDE1}.Release|Any CPU.Build.0 = Release|Any CPU
		{C1B32DC2-E5A7-4239-AB95-D9F44A58CC6C}.Debug|Any CPU.ActiveCfg = Debug|Any CPU
		{C1B32DC2-E5A7-4239-AB95-D9F44A58CC6C}.Debug|Any CPU.Build.0 = Debug|Any CPU
		{C1B32DC2-E5A7-4239-AB95-D9F44A58CC6C}.Release|Any CPU.ActiveCfg = Release|Any CPU
		{C1B32DC2-E5A7-4239-AB95-D9F44A58CC6C}.Release|Any CPU.Build.0 = Release|Any CPU
		{00572DAC-DA0C-465E-A349-7CCCF6CCDEDF}.Debug|Any CPU.ActiveCfg = Debug|Any CPU
		{00572DAC-DA0C-465E-A349-7CCCF6CCDEDF}.Debug|Any CPU.Build.0 = Debug|Any CPU
		{00572DAC-DA0C-465E-A349-7CCCF6CCDEDF}.Release|Any CPU.ActiveCfg = Release|Any CPU
		{00572DAC-DA0C-465E-A349-7CCCF6CCDEDF}.Release|Any CPU.Build.0 = Release|Any CPU
		{906B1018-B0F3-498A-874D-5387AFEDD48A}.Debug|Any CPU.ActiveCfg = Debug|Any CPU
		{906B1018-B0F3-498A-874D-5387AFEDD48A}.Debug|Any CPU.Build.0 = Debug|Any CPU
		{906B1018-B0F3-498A-874D-5387AFEDD48A}.Release|Any CPU.ActiveCfg = Release|Any CPU
		{906B1018-B0F3-498A-874D-5387AFEDD48A}.Release|Any CPU.Build.0 = Release|Any CPU
	EndGlobalSection
	GlobalSection(SolutionProperties) = preSolution
		HideSolutionNode = FALSE
	EndGlobalSection
	GlobalSection(ExtensibilityGlobals) = postSolution
		SolutionGuid = {8770DB5F-3EBC-4AF4-894D-C4F19C0DBA19}
	EndGlobalSection
EndGlobal
